
Microsoft Visual Studio Solution File, Format Version 12.00
# Visual Studio 15
VisualStudioVersion = 15.0.26430.12
MinimumVisualStudioVersion = 10.0.40219.1
Project("{FAE04EC0-301F-11D3-BF4B-00C04F79EFBC}") = "ProjetoExemploDDD.Domain", "ProjetoExemploDDD.Domain\ProjetoExemploDDD.Domain.csproj", "{1F3916CF-6B16-4C4E-80EE-D69CEFFA9690}"
EndProject
Project("{FAE04EC0-301F-11D3-BF4B-00C04F79EFBC}") = "ProjetoExemploDDD.Infra.Data", "ProjetoExemploDDD\ProjetoExemploDDD.Infra.Data.csproj", "{65F13125-D26E-4073-889A-7484229F8C11}"
EndProject
Project("{FAE04EC0-301F-11D3-BF4B-00C04F79EFBC}") = "ProjetoExemploDDD.Application", "ProjetoExemploDDD.Application\ProjetoExemploDDD.Application.csproj", "{378A8340-8C3B-4C15-93A1-68816724A4BF}"
EndProject
Project("{FAE04EC0-301F-11D3-BF4B-00C04F79EFBC}") = "ProjetoExemploDDD.MVC", "ProjetoExemploDDD.MVC\ProjetoExemploDDD.MVC.csproj", "{12A14F15-A844-425F-BAB5-D10AEF110E66}"
EndProject
Project("{FAE04EC0-301F-11D3-BF4B-00C04F79EFBC}") = "ProjetoExemploDDD.Infra.CrossCutting.Identity", "ProjetoExemploDDD.Infra.CrossCutting.Identity\ProjetoExemploDDD.Infra.CrossCutting.Identity.csproj", "{E115ED10-8366-4566-AEE9-F0EEEE0B5B24}"
EndProject
Project("{FAE04EC0-301F-11D3-BF4B-00C04F79EFBC}") = "ProjetoExemploDDD.Infra.CrossCutting.IoC", "ProjetoExemploDDD.Infra.CrossCutting.IoC\ProjetoExemploDDD.Infra.CrossCutting.IoC.csproj", "{FC6A0E05-5633-492B-9B5A-F62F624BF4C3}"
EndProject
Global
	GlobalSection(SolutionConfigurationPlatforms) = preSolution
		Debug|Any CPU = Debug|Any CPU
		Release|Any CPU = Release|Any CPU
	EndGlobalSection
	GlobalSection(ProjectConfigurationPlatforms) = postSolution
		{1F3916CF-6B16-4C4E-80EE-D69CEFFA9690}.Debug|Any CPU.ActiveCfg = Debug|Any CPU
		{1F3916CF-6B16-4C4E-80EE-D69CEFFA9690}.Debug|Any CPU.Build.0 = Debug|Any CPU
		{1F3916CF-6B16-4C4E-80EE-D69CEFFA9690}.Release|Any CPU.ActiveCfg = Release|Any CPU
		{1F3916CF-6B16-4C4E-80EE-D69CEFFA9690}.Release|Any CPU.Build.0 = Release|Any CPU
		{65F13125-D26E-4073-889A-7484229F8C11}.Debug|Any CPU.ActiveCfg = Debug|Any CPU
		{65F13125-D26E-4073-889A-7484229F8C11}.Debug|Any CPU.Build.0 = Debug|Any CPU
		{65F13125-D26E-4073-889A-7484229F8C11}.Release|Any CPU.ActiveCfg = Release|Any CPU
		{65F13125-D26E-4073-889A-7484229F8C11}.Release|Any CPU.Build.0 = Release|Any CPU
		{378A8340-8C3B-4C15-93A1-68816724A4BF}.Debug|Any CPU.ActiveCfg = Debug|Any CPU
		{378A8340-8C3B-4C15-93A1-68816724A4BF}.Debug|Any CPU.Build.0 = Debug|Any CPU
		{378A8340-8C3B-4C15-93A1-68816724A4BF}.Release|Any CPU.ActiveCfg = Release|Any CPU
		{378A8340-8C3B-4C15-93A1-68816724A4BF}.Release|Any CPU.Build.0 = Release|Any CPU
		{12A14F15-A844-425F-BAB5-D10AEF110E66}.Debug|Any CPU.ActiveCfg = Debug|Any CPU
		{12A14F15-A844-425F-BAB5-D10AEF110E66}.Debug|Any CPU.Build.0 = Debug|Any CPU
		{12A14F15-A844-425F-BAB5-D10AEF110E66}.Release|Any CPU.ActiveCfg = Release|Any CPU
		{12A14F15-A844-425F-BAB5-D10AEF110E66}.Release|Any CPU.Build.0 = Release|Any CPU
		{E115ED10-8366-4566-AEE9-F0EEEE0B5B24}.Debug|Any CPU.ActiveCfg = Debug|Any CPU
		{E115ED10-8366-4566-AEE9-F0EEEE0B5B24}.Debug|Any CPU.Build.0 = Debug|Any CPU
		{E115ED10-8366-4566-AEE9-F0EEEE0B5B24}.Release|Any CPU.ActiveCfg = Release|Any CPU
		{E115ED10-8366-4566-AEE9-F0EEEE0B5B24}.Release|Any CPU.Build.0 = Release|Any CPU
		{FC6A0E05-5633-492B-9B5A-F62F624BF4C3}.Debug|Any CPU.ActiveCfg = Debug|Any CPU
		{FC6A0E05-5633-492B-9B5A-F62F624BF4C3}.Debug|Any CPU.Build.0 = Debug|Any CPU
		{FC6A0E05-5633-492B-9B5A-F62F624BF4C3}.Release|Any CPU.ActiveCfg = Release|Any CPU
		{FC6A0E05-5633-492B-9B5A-F62F624BF4C3}.Release|Any CPU.Build.0 = Release|Any CPU
	EndGlobalSection
	GlobalSection(SolutionProperties) = preSolution
		HideSolutionNode = FALSE
	EndGlobalSection
EndGlobal
